
Microsoft Visual Studio Solution File, Format Version 12.00
# Visual Studio Version 17
VisualStudioVersion = 17.0.31919.166
MinimumVisualStudioVersion = 10.0.40219.1
Project("{FAE04EC0-301F-11D3-BF4B-00C04F79EFBC}") = "AccesoaDatos01", "AccesoaDatos01\AccesoaDatos01.csproj", "{4A904E65-1090-4A28-B081-B8EB0D994D1E}"
EndProject
Global
	GlobalSection(SolutionConfigurationPlatforms) = preSolution
		Debug|Any CPU = Debug|Any CPU
		Release|Any CPU = Release|Any CPU
	EndGlobalSection
	GlobalSection(ProjectConfigurationPlatforms) = postSolution
		{4A904E65-1090-4A28-B081-B8EB0D994D1E}.Debug|Any CPU.ActiveCfg = Debug|Any CPU
		{4A904E65-1090-4A28-B081-B8EB0D994D1E}.Debug|Any CPU.Build.0 = Debug|Any CPU
		{4A904E65-1090-4A28-B081-B8EB0D994D1E}.Release|Any CPU.ActiveCfg = Release|Any CPU
		{4A904E65-1090-4A28-B081-B8EB0D994D1E}.Release|Any CPU.Build.0 = Release|Any CPU
	EndGlobalSection
	GlobalSection(SolutionProperties) = preSolution
		HideSolutionNode = FALSE
	EndGlobalSection
	GlobalSection(ExtensibilityGlobals) = postSolution
		SolutionGuid = {388AE145-2A1D-47CA-AC1E-B063AE79FD7D}
	EndGlobalSection
EndGlobal
